
Microsoft Visual Studio Solution File, Format Version 12.00
# Visual Studio 15
Project("{FAE04EC0-301F-11D3-BF4B-00C04F79EFBC}") = "Assembly-CSharp", "Assembly-CSharp.csproj", "{A7750C9D-CAD6-F015-DF94-96E5148EA330}"
EndProject
Global
	GlobalSection(SolutionConfigurationPlatforms) = preSolution
		Debug|Any CPU = Debug|Any CPU
		Release|Any CPU = Release|Any CPU
	EndGlobalSection
	GlobalSection(ProjectConfigurationPlatforms) = postSolution
		{A7750C9D-CAD6-F015-DF94-96E5148EA330}.Debug|Any CPU.ActiveCfg = Debug|Any CPU
		{A7750C9D-CAD6-F015-DF94-96E5148EA330}.Debug|Any CPU.Build.0 = Debug|Any CPU
		{A7750C9D-CAD6-F015-DF94-96E5148EA330}.Release|Any CPU.ActiveCfg = Release|Any CPU
		{A7750C9D-CAD6-F015-DF94-96E5148EA330}.Release|Any CPU.Build.0 = Release|Any CPU
	EndGlobalSection
	GlobalSection(SolutionProperties) = preSolution
		HideSolutionNode = FALSE
	EndGlobalSection
	GlobalSection(MonoDevelopProperties) = preSolution
		StartupItem = Assembly-CSharp.csproj
	EndGlobalSection
EndGlobal
